
Microsoft Visual Studio Solution File, Format Version 12.00
# Visual Studio 2013
VisualStudioVersion = 12.0.40629.0
MinimumVisualStudioVersion = 10.0.40219.1
Project("{FAE04EC0-301F-11D3-BF4B-00C04F79EFBC}") = "01_Arrays", "01_Arrays\01_Arrays.csproj", "{810BDC7E-BD82-4247-9B5A-357A34555BDF}"
EndProject
Project("{FAE04EC0-301F-11D3-BF4B-00C04F79EFBC}") = "02_CompareArrays", "02_CompareArrays\02_CompareArrays.csproj", "{3066CBA2-FAFA-43A7-8BEB-F9881B9570BE}"
EndProject
Project("{FAE04EC0-301F-11D3-BF4B-00C04F79EFBC}") = "03_CompareCharArrays", "03_CompareCharArrays\03_CompareCharArrays.csproj", "{8C3C06E9-5250-4440-88A6-55D61E3AC4BA}"
EndProject
Project("{FAE04EC0-301F-11D3-BF4B-00C04F79EFBC}") = "MaximalSequence", "MaximalSequence\MaximalSequence.csproj", "{6753EA3F-38D7-4560-96BA-EBF66DEFAE72}"
EndProject
Project("{FAE04EC0-301F-11D3-BF4B-00C04F79EFBC}") = "MaximalIncreasingSequence", "MaximalIncreasingSequence\MaximalIncreasingSequence.csproj", "{D0EF40A5-0757-4988-9B14-F2C9A2808885}"
EndProject
Project("{FAE04EC0-301F-11D3-BF4B-00C04F79EFBC}") = "MaximalKSum", "MaximalKSum\MaximalKSum.csproj", "{E30BDF61-36CC-4D28-B5E1-7E96C02B9AF4}"
EndProject
Project("{FAE04EC0-301F-11D3-BF4B-00C04F79EFBC}") = "SelectionSort", "SelectionSort\SelectionSort.csproj", "{FD06EC2A-CD86-4BFD-8CC3-1EBA3E864000}"
EndProject
Project("{FAE04EC0-301F-11D3-BF4B-00C04F79EFBC}") = "MaximalSum", "MaximalSum\MaximalSum.csproj", "{1499D91C-266D-4164-932E-05AB01C5B61C}"
EndProject
Project("{FAE04EC0-301F-11D3-BF4B-00C04F79EFBC}") = "FrequentNumber", "FrequentNumber\FrequentNumber.csproj", "{30EA3190-CD60-4896-9542-7EEE7B0D35FC}"
EndProject
Project("{FAE04EC0-301F-11D3-BF4B-00C04F79EFBC}") = "BinarySearch", "BinarySearch\BinarySearch.csproj", "{AEFB454B-05EB-4386-BDD0-224242F145A8}"
EndProject
Project("{FAE04EC0-301F-11D3-BF4B-00C04F79EFBC}") = "IndexOfLetters", "IndexOfLetters\IndexOfLetters.csproj", "{589D386A-C328-44DE-BA94-4D3CFA45C95E}"
EndProject
Project("{FAE04EC0-301F-11D3-BF4B-00C04F79EFBC}") = "MergeSort", "MergeSort\MergeSort.csproj", "{88C8699B-493E-4F4D-AB68-AF5A3840A5AB}"
EndProject
Project("{FAE04EC0-301F-11D3-BF4B-00C04F79EFBC}") = "Quicksort", "Quicksort\Quicksort.csproj", "{0FB35464-8955-40CF-8EF9-5680B1EF0636}"
EndProject
Project("{FAE04EC0-301F-11D3-BF4B-00C04F79EFBC}") = "PrimeNumbers", "PrimeNumbers\PrimeNumbers.csproj", "{E6AC9815-3856-4A9C-BD7B-BE813B1CD57C}"
EndProject
Global
	GlobalSection(SolutionConfigurationPlatforms) = preSolution
		Debug|Any CPU = Debug|Any CPU
		Release|Any CPU = Release|Any CPU
	EndGlobalSection
	GlobalSection(ProjectConfigurationPlatforms) = postSolution
		{810BDC7E-BD82-4247-9B5A-357A34555BDF}.Debug|Any CPU.ActiveCfg = Debug|Any CPU
		{810BDC7E-BD82-4247-9B5A-357A34555BDF}.Debug|Any CPU.Build.0 = Debug|Any CPU
		{810BDC7E-BD82-4247-9B5A-357A34555BDF}.Release|Any CPU.ActiveCfg = Release|Any CPU
		{810BDC7E-BD82-4247-9B5A-357A34555BDF}.Release|Any CPU.Build.0 = Release|Any CPU
		{3066CBA2-FAFA-43A7-8BEB-F9881B9570BE}.Debug|Any CPU.ActiveCfg = Debug|Any CPU
		{3066CBA2-FAFA-43A7-8BEB-F9881B9570BE}.Debug|Any CPU.Build.0 = Debug|Any CPU
		{3066CBA2-FAFA-43A7-8BEB-F9881B9570BE}.Release|Any CPU.ActiveCfg = Release|Any CPU
		{3066CBA2-FAFA-43A7-8BEB-F9881B9570BE}.Release|Any CPU.Build.0 = Release|Any CPU
		{8C3C06E9-5250-4440-88A6-55D61E3AC4BA}.Debug|Any CPU.ActiveCfg = Debug|Any CPU
		{8C3C06E9-5250-4440-88A6-55D61E3AC4BA}.Debug|Any CPU.Build.0 = Debug|Any CPU
		{8C3C06E9-5250-4440-88A6-55D61E3AC4BA}.Release|Any CPU.ActiveCfg = Release|Any CPU
		{8C3C06E9-5250-4440-88A6-55D61E3AC4BA}.Release|Any CPU.Build.0 = Release|Any CPU
		{6753EA3F-38D7-4560-96BA-EBF66DEFAE72}.Debug|Any CPU.ActiveCfg = Debug|Any CPU
		{6753EA3F-38D7-4560-96BA-EBF66DEFAE72}.Debug|Any CPU.Build.0 = Debug|Any CPU
		{6753EA3F-38D7-4560-96BA-EBF66DEFAE72}.Release|Any CPU.ActiveCfg = Release|Any CPU
		{6753EA3F-38D7-4560-96BA-EBF66DEFAE72}.Release|Any CPU.Build.0 = Release|Any CPU
		{D0EF40A5-0757-4988-9B14-F2C9A2808885}.Debug|Any CPU.ActiveCfg = Debug|Any CPU
		{D0EF40A5-0757-4988-9B14-F2C9A2808885}.Debug|Any CPU.Build.0 = Debug|Any CPU
		{D0EF40A5-0757-4988-9B14-F2C9A2808885}.Release|Any CPU.ActiveCfg = Release|Any CPU
		{D0EF40A5-0757-4988-9B14-F2C9A2808885}.Release|Any CPU.Build.0 = Release|Any CPU
		{E30BDF61-36CC-4D28-B5E1-7E96C02B9AF4}.Debug|Any CPU.ActiveCfg = Debug|Any CPU
		{E30BDF61-36CC-4D28-B5E1-7E96C02B9AF4}.Debug|Any CPU.Build.0 = Debug|Any CPU
		{E30BDF61-36CC-4D28-B5E1-7E96C02B9AF4}.Release|Any CPU.ActiveCfg = Release|Any CPU
		{E30BDF61-36CC-4D28-B5E1-7E96C02B9AF4}.Release|Any CPU.Build.0 = Release|Any CPU
		{FD06EC2A-CD86-4BFD-8CC3-1EBA3E864000}.Debug|Any CPU.ActiveCfg = Debug|Any CPU
		{FD06EC2A-CD86-4BFD-8CC3-1EBA3E864000}.Debug|Any CPU.Build.0 = Debug|Any CPU
		{FD06EC2A-CD86-4BFD-8CC3-1EBA3E864000}.Release|Any CPU.ActiveCfg = Release|Any CPU
		{FD06EC2A-CD86-4BFD-8CC3-1EBA3E864000}.Release|Any CPU.Build.0 = Release|Any CPU
		{1499D91C-266D-4164-932E-05AB01C5B61C}.Debug|Any CPU.ActiveCfg = Debug|Any CPU
		{1499D91C-266D-4164-932E-05AB01C5B61C}.Debug|Any CPU.Build.0 = Debug|Any CPU
		{1499D91C-266D-4164-932E-05AB01C5B61C}.Release|Any CPU.ActiveCfg = Release|Any CPU
		{1499D91C-266D-4164-932E-05AB01C5B61C}.Release|Any CPU.Build.0 = Release|Any CPU
		{30EA3190-CD60-4896-9542-7EEE7B0D35FC}.Debug|Any CPU.ActiveCfg = Debug|Any CPU
		{30EA3190-CD60-4896-9542-7EEE7B0D35FC}.Debug|Any CPU.Build.0 = Debug|Any CPU
		{30EA3190-CD60-4896-9542-7EEE7B0D35FC}.Release|Any CPU.ActiveCfg = Release|Any CPU
		{30EA3190-CD60-4896-9542-7EEE7B0D35FC}.Release|Any CPU.Build.0 = Release|Any CPU
		{AEFB454B-05EB-4386-BDD0-224242F145A8}.Debug|Any CPU.ActiveCfg = Debug|Any CPU
		{AEFB454B-05EB-4386-BDD0-224242F145A8}.Debug|Any CPU.Build.0 = Debug|Any CPU
		{AEFB454B-05EB-4386-BDD0-224242F145A8}.Release|Any CPU.ActiveCfg = Release|Any CPU
		{AEFB454B-05EB-4386-BDD0-224242F145A8}.Release|Any CPU.Build.0 = Release|Any CPU
		{589D386A-C328-44DE-BA94-4D3CFA45C95E}.Debug|Any CPU.ActiveCfg = Debug|Any CPU
		{589D386A-C328-44DE-BA94-4D3CFA45C95E}.Debug|Any CPU.Build.0 = Debug|Any CPU
		{589D386A-C328-44DE-BA94-4D3CFA45C95E}.Release|Any CPU.ActiveCfg = Release|Any CPU
		{589D386A-C328-44DE-BA94-4D3CFA45C95E}.Release|Any CPU.Build.0 = Release|Any CPU
		{88C8699B-493E-4F4D-AB68-AF5A3840A5AB}.Debug|Any CPU.ActiveCfg = Debug|Any CPU
		{88C8699B-493E-4F4D-AB68-AF5A3840A5AB}.Debug|Any CPU.Build.0 = Debug|Any CPU
		{88C8699B-493E-4F4D-AB68-AF5A3840A5AB}.Release|Any CPU.ActiveCfg = Release|Any CPU
		{88C8699B-493E-4F4D-AB68-AF5A3840A5AB}.Release|Any CPU.Build.0 = Release|Any CPU
		{0FB35464-8955-40CF-8EF9-5680B1EF0636}.Debug|Any CPU.ActiveCfg = Debug|Any CPU
		{0FB35464-8955-40CF-8EF9-5680B1EF0636}.Debug|Any CPU.Build.0 = Debug|Any CPU
		{0FB35464-8955-40CF-8EF9-5680B1EF0636}.Release|Any CPU.ActiveCfg = Release|Any CPU
		{0FB35464-8955-40CF-8EF9-5680B1EF0636}.Release|Any CPU.Build.0 = Release|Any CPU
		{E6AC9815-3856-4A9C-BD7B-BE813B1CD57C}.Debug|Any CPU.ActiveCfg = Debug|Any CPU
		{E6AC9815-3856-4A9C-BD7B-BE813B1CD57C}.Debug|Any CPU.Build.0 = Debug|Any CPU
		{E6AC9815-3856-4A9C-BD7B-BE813B1CD57C}.Release|Any CPU.ActiveCfg = Release|Any CPU
		{E6AC9815-3856-4A9C-BD7B-BE813B1CD57C}.Release|Any CPU.Build.0 = Release|Any CPU
	EndGlobalSection
	GlobalSection(SolutionProperties) = preSolution
		HideSolutionNode = FALSE
	EndGlobalSection
EndGlobal
