
Microsoft Visual Studio Solution File, Format Version 12.00
# Visual Studio 2013
VisualStudioVersion = 12.0.40629.0
MinimumVisualStudioVersion = 10.0.40219.1
Project("{FAE04EC0-301F-11D3-BF4B-00C04F79EFBC}") = "FillTheMatrix", "FillTheMatrix\FillTheMatrix.csproj", "{D090A2E2-A532-430B-AD89-AA131426BCF5}"
EndProject
Project("{FAE04EC0-301F-11D3-BF4B-00C04F79EFBC}") = "MaximalSum", "MaximalSum\MaximalSum.csproj", "{F32A8B50-217C-4A2F-9F48-B7D3997CABBB}"
EndProject
Project("{FAE04EC0-301F-11D3-BF4B-00C04F79EFBC}") = "SequenceInMatrix", "SequenceInMatrix\SequenceInMatrix.csproj", "{F8820946-C7E0-4BC8-AAA1-4383024F327E}"
EndProject
Global
	GlobalSection(SolutionConfigurationPlatforms) = preSolution
		Debug|Any CPU = Debug|Any CPU
		Release|Any CPU = Release|Any CPU
	EndGlobalSection
	GlobalSection(ProjectConfigurationPlatforms) = postSolution
		{D090A2E2-A532-430B-AD89-AA131426BCF5}.Debug|Any CPU.ActiveCfg = Debug|Any CPU
		{D090A2E2-A532-430B-AD89-AA131426BCF5}.Debug|Any CPU.Build.0 = Debug|Any CPU
		{D090A2E2-A532-430B-AD89-AA131426BCF5}.Release|Any CPU.ActiveCfg = Release|Any CPU
		{D090A2E2-A532-430B-AD89-AA131426BCF5}.Release|Any CPU.Build.0 = Release|Any CPU
		{F32A8B50-217C-4A2F-9F48-B7D3997CABBB}.Debug|Any CPU.ActiveCfg = Debug|Any CPU
		{F32A8B50-217C-4A2F-9F48-B7D3997CABBB}.Debug|Any CPU.Build.0 = Debug|Any CPU
		{F32A8B50-217C-4A2F-9F48-B7D3997CABBB}.Release|Any CPU.ActiveCfg = Release|Any CPU
		{F32A8B50-217C-4A2F-9F48-B7D3997CABBB}.Release|Any CPU.Build.0 = Release|Any CPU
		{F8820946-C7E0-4BC8-AAA1-4383024F327E}.Debug|Any CPU.ActiveCfg = Debug|Any CPU
		{F8820946-C7E0-4BC8-AAA1-4383024F327E}.Debug|Any CPU.Build.0 = Debug|Any CPU
		{F8820946-C7E0-4BC8-AAA1-4383024F327E}.Release|Any CPU.ActiveCfg = Release|Any CPU
		{F8820946-C7E0-4BC8-AAA1-4383024F327E}.Release|Any CPU.Build.0 = Release|Any CPU
	EndGlobalSection
	GlobalSection(SolutionProperties) = preSolution
		HideSolutionNode = FALSE
	EndGlobalSection
EndGlobal
